{
  "name": "dokku-simple-python-vue-spa",
  "version": "0.1.0",
  "lockfileVersion": 2,
  "requires": true,
  "packages": {
    "": {
      "name": "dokku-simple-python-vue-spa",
      "version": "0.1.0",
      "hasInstallScript": true,
      "engines": {
        "node": "16.x"
      }
    }
  }
}
